
Microsoft Visual Studio Solution File, Format Version 11.00
# Visual Studio 2010
Project("{FAE04EC0-301F-11D3-BF4B-00C04F79EFBC}") = "RoboComp", "RoboComp\RoboComp.csproj", "{06B5544A-FF4F-40C4-A1B1-A4D611BDE68C}"
EndProject
Global
	GlobalSection(SolutionConfigurationPlatforms) = preSolution
		Debug|x86 = Debug|x86
		Release|x86 = Release|x86
	EndGlobalSection
	GlobalSection(ProjectConfigurationPlatforms) = postSolution
		{06B5544A-FF4F-40C4-A1B1-A4D611BDE68C}.Debug|x86.ActiveCfg = Debug|x86
		{06B5544A-FF4F-40C4-A1B1-A4D611BDE68C}.Debug|x86.Build.0 = Debug|x86
		{06B5544A-FF4F-40C4-A1B1-A4D611BDE68C}.Release|x86.ActiveCfg = Release|x86
		{06B5544A-FF4F-40C4-A1B1-A4D611BDE68C}.Release|x86.Build.0 = Release|x86
	EndGlobalSection
	GlobalSection(SolutionProperties) = preSolution
		HideSolutionNode = FALSE
	EndGlobalSection
EndGlobal
