
Microsoft Visual Studio Solution File, Format Version 9.00
# Visual Studio 2005
Project("{FAE04EC0-301F-11D3-BF4B-00C04F79EFBC}") = "SurfedAndFound.Logic", "SurfedAndFound.Logic\SurfedAndFound.Logic.csproj", "{09230BAD-FEBB-449B-836A-A69BDB613DEF}"
	ProjectSection(WebsiteProperties) = preProject
		Debug.AspNetCompiler.Debug = "True"
		Release.AspNetCompiler.Debug = "False"
	EndProjectSection
EndProject
Project("{FAE04EC0-301F-11D3-BF4B-00C04F79EFBC}") = "SurfedAndFound.Tool", "SurfedAndFound.Tool\SurfedAndFound.Tool.csproj", "{0B1CF47D-16A8-44E0-953C-AC3DAA7E110E}"
	ProjectSection(WebsiteProperties) = preProject
		Debug.AspNetCompiler.Debug = "True"
		Release.AspNetCompiler.Debug = "False"
	EndProjectSection
EndProject
Project("{FAE04EC0-301F-11D3-BF4B-00C04F79EFBC}") = "SurfedAndFound.Shared", "SurfedAndFound.Shared\SurfedAndFound.Shared.csproj", "{9AA52986-9673-42D7-9CC8-0C20B295835F}"
	ProjectSection(WebsiteProperties) = preProject
		Debug.AspNetCompiler.Debug = "True"
		Release.AspNetCompiler.Debug = "False"
	EndProjectSection
EndProject
Project("{FAE04EC0-301F-11D3-BF4B-00C04F79EFBC}") = "SurfedAndFound.UI", "SurfedAndFound.UI\SurfedAndFound.UI.csproj", "{1D51EA9D-2F05-45FD-9773-9BCAF93FED15}"
	ProjectSection(WebsiteProperties) = preProject
		Debug.AspNetCompiler.Debug = "True"
		Release.AspNetCompiler.Debug = "False"
	EndProjectSection
EndProject
Project("{2150E333-8FDC-42A3-9474-1A3956D46DE8}") = "Solution Items", "Solution Items", "{F970CCAD-1827-43A8-9D80-6D2F54D982BE}"
	ProjectSection(WebsiteProperties) = preProject
		Debug.AspNetCompiler.Debug = "True"
		Release.AspNetCompiler.Debug = "False"
	EndProjectSection
	ProjectSection(SolutionItems) = preProject
		Resources\Documents\To-Do.txt = Resources\Documents\To-Do.txt
	EndProjectSection
EndProject
Project("{FAE04EC0-301F-11D3-BF4B-00C04F79EFBC}") = "SurfedAndFound.Msie", "SurfedAndFound.Msie\SurfedAndFound.Msie.csproj", "{5EDD78D6-0B79-48E1-A3CE-4F65FA2F5743}"
	ProjectSection(WebsiteProperties) = preProject
		Debug.AspNetCompiler.Debug = "True"
		Release.AspNetCompiler.Debug = "False"
	EndProjectSection
EndProject
Project("{54435603-DBB4-11D2-8724-00A0C9A8B90C}") = "SurfedAndFound.Setup", "SurfedAndFound.Setup\SurfedAndFound.Setup.vdproj", "{60F2E662-D10A-4B28-9893-82FA8F4F3F3F}"
	ProjectSection(WebsiteProperties) = preProject
		Debug.AspNetCompiler.Debug = "True"
		Release.AspNetCompiler.Debug = "False"
	EndProjectSection
	ProjectSection(ProjectDependencies) = postProject
		{99A2F83A-1827-4DDD-B9F1-2ED2B674CEFD} = {99A2F83A-1827-4DDD-B9F1-2ED2B674CEFD}
		{0B1CF47D-16A8-44E0-953C-AC3DAA7E110E} = {0B1CF47D-16A8-44E0-953C-AC3DAA7E110E}
		{8DE9BEF0-61A5-4EB9-9F39-ED41A6B81806} = {8DE9BEF0-61A5-4EB9-9F39-ED41A6B81806}
		{5EDD78D6-0B79-48E1-A3CE-4F65FA2F5743} = {5EDD78D6-0B79-48E1-A3CE-4F65FA2F5743}
		{09230BAD-FEBB-449B-836A-A69BDB613DEF} = {09230BAD-FEBB-449B-836A-A69BDB613DEF}
		{1D51EA9D-2F05-45FD-9773-9BCAF93FED15} = {1D51EA9D-2F05-45FD-9773-9BCAF93FED15}
		{9AA52986-9673-42D7-9CC8-0C20B295835F} = {9AA52986-9673-42D7-9CC8-0C20B295835F}
	EndProjectSection
EndProject
Project("{FAE04EC0-301F-11D3-BF4B-00C04F79EFBC}") = "SurfedAndFound.Demo", "SurfedAndFound.Demo\SurfedAndFound.Demo.csproj", "{8DE9BEF0-61A5-4EB9-9F39-ED41A6B81806}"
	ProjectSection(WebsiteProperties) = preProject
		Debug.AspNetCompiler.Debug = "True"
		Release.AspNetCompiler.Debug = "False"
	EndProjectSection
EndProject
Project("{FAE04EC0-301F-11D3-BF4B-00C04F79EFBC}") = "SurfedAndFound.Install", "SurfedAndFound.Install\SurfedAndFound.Install.csproj", "{99A2F83A-1827-4DDD-B9F1-2ED2B674CEFD}"
	ProjectSection(WebsiteProperties) = preProject
		Debug.AspNetCompiler.Debug = "True"
		Release.AspNetCompiler.Debug = "False"
	EndProjectSection
EndProject
Global
	GlobalSection(SolutionConfigurationPlatforms) = preSolution
		Debug|Any CPU = Debug|Any CPU
		Release|Any CPU = Release|Any CPU
	EndGlobalSection
	GlobalSection(ProjectConfigurationPlatforms) = postSolution
		{09230BAD-FEBB-449B-836A-A69BDB613DEF}.Debug|Any CPU.ActiveCfg = Debug|Any CPU
		{09230BAD-FEBB-449B-836A-A69BDB613DEF}.Debug|Any CPU.Build.0 = Debug|Any CPU
		{09230BAD-FEBB-449B-836A-A69BDB613DEF}.Release|Any CPU.ActiveCfg = Release|Any CPU
		{09230BAD-FEBB-449B-836A-A69BDB613DEF}.Release|Any CPU.Build.0 = Release|Any CPU
		{0B1CF47D-16A8-44E0-953C-AC3DAA7E110E}.Debug|Any CPU.ActiveCfg = Debug|Any CPU
		{0B1CF47D-16A8-44E0-953C-AC3DAA7E110E}.Debug|Any CPU.Build.0 = Debug|Any CPU
		{0B1CF47D-16A8-44E0-953C-AC3DAA7E110E}.Release|Any CPU.ActiveCfg = Release|Any CPU
		{0B1CF47D-16A8-44E0-953C-AC3DAA7E110E}.Release|Any CPU.Build.0 = Release|Any CPU
		{9AA52986-9673-42D7-9CC8-0C20B295835F}.Debug|Any CPU.ActiveCfg = Debug|Any CPU
		{9AA52986-9673-42D7-9CC8-0C20B295835F}.Debug|Any CPU.Build.0 = Debug|Any CPU
		{9AA52986-9673-42D7-9CC8-0C20B295835F}.Release|Any CPU.ActiveCfg = Release|Any CPU
		{9AA52986-9673-42D7-9CC8-0C20B295835F}.Release|Any CPU.Build.0 = Release|Any CPU
		{1D51EA9D-2F05-45FD-9773-9BCAF93FED15}.Debug|Any CPU.ActiveCfg = Debug|Any CPU
		{1D51EA9D-2F05-45FD-9773-9BCAF93FED15}.Debug|Any CPU.Build.0 = Debug|Any CPU
		{1D51EA9D-2F05-45FD-9773-9BCAF93FED15}.Release|Any CPU.ActiveCfg = Release|Any CPU
		{1D51EA9D-2F05-45FD-9773-9BCAF93FED15}.Release|Any CPU.Build.0 = Release|Any CPU
		{5EDD78D6-0B79-48E1-A3CE-4F65FA2F5743}.Debug|Any CPU.ActiveCfg = Debug|Any CPU
		{5EDD78D6-0B79-48E1-A3CE-4F65FA2F5743}.Debug|Any CPU.Build.0 = Debug|Any CPU
		{5EDD78D6-0B79-48E1-A3CE-4F65FA2F5743}.Release|Any CPU.ActiveCfg = Release|Any CPU
		{5EDD78D6-0B79-48E1-A3CE-4F65FA2F5743}.Release|Any CPU.Build.0 = Release|Any CPU
		{60F2E662-D10A-4B28-9893-82FA8F4F3F3F}.Debug|Any CPU.ActiveCfg = Debug
		{60F2E662-D10A-4B28-9893-82FA8F4F3F3F}.Release|Any CPU.ActiveCfg = Release
		{8DE9BEF0-61A5-4EB9-9F39-ED41A6B81806}.Debug|Any CPU.ActiveCfg = Debug|Any CPU
		{8DE9BEF0-61A5-4EB9-9F39-ED41A6B81806}.Debug|Any CPU.Build.0 = Debug|Any CPU
		{8DE9BEF0-61A5-4EB9-9F39-ED41A6B81806}.Release|Any CPU.ActiveCfg = Release|Any CPU
		{8DE9BEF0-61A5-4EB9-9F39-ED41A6B81806}.Release|Any CPU.Build.0 = Release|Any CPU
		{99A2F83A-1827-4DDD-B9F1-2ED2B674CEFD}.Debug|Any CPU.ActiveCfg = Debug|Any CPU
		{99A2F83A-1827-4DDD-B9F1-2ED2B674CEFD}.Debug|Any CPU.Build.0 = Debug|Any CPU
		{99A2F83A-1827-4DDD-B9F1-2ED2B674CEFD}.Release|Any CPU.ActiveCfg = Release|Any CPU
		{99A2F83A-1827-4DDD-B9F1-2ED2B674CEFD}.Release|Any CPU.Build.0 = Release|Any CPU
	EndGlobalSection
	GlobalSection(SolutionProperties) = preSolution
		HideSolutionNode = FALSE
	EndGlobalSection
	GlobalSection(SubversionScc) = preSolution
		Svn-Managed = True
		Manager = AnkhSVN - Subversion Support for Visual Studio
	EndGlobalSection
EndGlobal
