
Microsoft Visual Studio Solution File, Format Version 12.00
# Visual Studio 2012
Project("{2150E333-8FDC-42A3-9474-1A3956D46DE8}") = "Solution Items", "Solution Items", "{AC32F6B6-7019-43C0-812C-A87990399CC2}"
	ProjectSection(SolutionItems) = preProject
		Solution Items\ZoneIDTrimmerInfo.cs = Solution Items\ZoneIDTrimmerInfo.cs
	EndProjectSection
EndProject
Project("{FAE04EC0-301F-11D3-BF4B-00C04F79EFBC}") = "ZoneIDTrimmer.Shell", "ZoneIDTrimmer.Shell\ZoneIDTrimmer.Shell.csproj", "{6B275806-C17C-4218-A11E-91B83F1B925B}"
EndProject
Project("{FAE04EC0-301F-11D3-BF4B-00C04F79EFBC}") = "ZoneIDTrimmer.Tool", "ZoneIDTrimmer.Tool\ZoneIDTrimmer.Tool.csproj", "{A8B79285-8940-4AC5-9084-8303AD40BFE1}"
EndProject
Project("{FAE04EC0-301F-11D3-BF4B-00C04F79EFBC}") = "ZoneIDTrimmer.Shared", "ZoneIDTrimmer.Shared\ZoneIDTrimmer.Shared.csproj", "{3CB545B7-66EC-45E0-92C3-52C329E7E57B}"
EndProject
Project("{930C7802-8A8C-48F9-8165-68863BCCD9DD}") = "ZoneIDTrimmer.Setup", "ZoneIDTrimmer.Setup\ZoneIDTrimmer.Setup.wixproj", "{EBF8BA1B-F2FF-4A8B-ABDE-C7D2D117284B}"
	ProjectSection(ProjectDependencies) = postProject
		{8C5D7FC7-C753-4329-BD8C-5F37281A0948} = {8C5D7FC7-C753-4329-BD8C-5F37281A0948}
	EndProjectSection
EndProject
Project("{FAE04EC0-301F-11D3-BF4B-00C04F79EFBC}") = "ZoneIDTrimmer.Tests", "ZoneIDTrimmer.Tests\ZoneIDTrimmer.Tests.csproj", "{8C5D7FC7-C753-4329-BD8C-5F37281A0948}"
	ProjectSection(ProjectDependencies) = postProject
		{6B275806-C17C-4218-A11E-91B83F1B925B} = {6B275806-C17C-4218-A11E-91B83F1B925B}
		{A8B79285-8940-4AC5-9084-8303AD40BFE1} = {A8B79285-8940-4AC5-9084-8303AD40BFE1}
	EndProjectSection
EndProject
Project("{FAE04EC0-301F-11D3-BF4B-00C04F79EFBC}") = "ZoneIDTrimmer.View", "ZoneIDTrimmer.View\ZoneIDTrimmer.View.csproj", "{BAE81AA8-B2C2-4FA6-B37C-77448FF07E6A}"
EndProject
Project("{FAE04EC0-301F-11D3-BF4B-00C04F79EFBC}") = "ZoneIDTrimmer.Report", "ZoneIDTrimmer.Report\ZoneIDTrimmer.Report.csproj", "{0BE8155A-2927-4CD0-960A-3EA92EE42E9B}"
EndProject
Global
	GlobalSection(SolutionConfigurationPlatforms) = preSolution
		Debug|Any CPU = Debug|Any CPU
		Debug|Mixed Platforms = Debug|Mixed Platforms
		Debug|Win32 = Debug|Win32
		Debug|x64 = Debug|x64
		Debug|x86 = Debug|x86
		Release|Any CPU = Release|Any CPU
		Release|Mixed Platforms = Release|Mixed Platforms
		Release|Win32 = Release|Win32
		Release|x64 = Release|x64
		Release|x86 = Release|x86
	EndGlobalSection
	GlobalSection(ProjectConfigurationPlatforms) = postSolution
		{6B275806-C17C-4218-A11E-91B83F1B925B}.Debug|Any CPU.ActiveCfg = Debug|Any CPU
		{6B275806-C17C-4218-A11E-91B83F1B925B}.Debug|Any CPU.Build.0 = Debug|Any CPU
		{6B275806-C17C-4218-A11E-91B83F1B925B}.Debug|Mixed Platforms.ActiveCfg = Debug|Any CPU
		{6B275806-C17C-4218-A11E-91B83F1B925B}.Debug|Mixed Platforms.Build.0 = Debug|Any CPU
		{6B275806-C17C-4218-A11E-91B83F1B925B}.Debug|Win32.ActiveCfg = Debug|Any CPU
		{6B275806-C17C-4218-A11E-91B83F1B925B}.Debug|x64.ActiveCfg = Debug|Any CPU
		{6B275806-C17C-4218-A11E-91B83F1B925B}.Debug|x64.Build.0 = Debug|Any CPU
		{6B275806-C17C-4218-A11E-91B83F1B925B}.Debug|x86.ActiveCfg = Debug|Any CPU
		{6B275806-C17C-4218-A11E-91B83F1B925B}.Debug|x86.Build.0 = Debug|Any CPU
		{6B275806-C17C-4218-A11E-91B83F1B925B}.Release|Any CPU.ActiveCfg = Release|Any CPU
		{6B275806-C17C-4218-A11E-91B83F1B925B}.Release|Any CPU.Build.0 = Release|Any CPU
		{6B275806-C17C-4218-A11E-91B83F1B925B}.Release|Mixed Platforms.ActiveCfg = Release|Any CPU
		{6B275806-C17C-4218-A11E-91B83F1B925B}.Release|Mixed Platforms.Build.0 = Release|Any CPU
		{6B275806-C17C-4218-A11E-91B83F1B925B}.Release|Win32.ActiveCfg = Release|Any CPU
		{6B275806-C17C-4218-A11E-91B83F1B925B}.Release|x64.ActiveCfg = Release|Any CPU
		{6B275806-C17C-4218-A11E-91B83F1B925B}.Release|x64.Build.0 = Release|Any CPU
		{6B275806-C17C-4218-A11E-91B83F1B925B}.Release|x86.ActiveCfg = Release|Any CPU
		{6B275806-C17C-4218-A11E-91B83F1B925B}.Release|x86.Build.0 = Release|Any CPU
		{A8B79285-8940-4AC5-9084-8303AD40BFE1}.Debug|Any CPU.ActiveCfg = Debug|Any CPU
		{A8B79285-8940-4AC5-9084-8303AD40BFE1}.Debug|Any CPU.Build.0 = Debug|Any CPU
		{A8B79285-8940-4AC5-9084-8303AD40BFE1}.Debug|Mixed Platforms.ActiveCfg = Debug|Any CPU
		{A8B79285-8940-4AC5-9084-8303AD40BFE1}.Debug|Mixed Platforms.Build.0 = Debug|Any CPU
		{A8B79285-8940-4AC5-9084-8303AD40BFE1}.Debug|Win32.ActiveCfg = Debug|Any CPU
		{A8B79285-8940-4AC5-9084-8303AD40BFE1}.Debug|x64.ActiveCfg = Debug|Any CPU
		{A8B79285-8940-4AC5-9084-8303AD40BFE1}.Debug|x64.Build.0 = Debug|Any CPU
		{A8B79285-8940-4AC5-9084-8303AD40BFE1}.Debug|x86.ActiveCfg = Debug|Any CPU
		{A8B79285-8940-4AC5-9084-8303AD40BFE1}.Debug|x86.Build.0 = Debug|Any CPU
		{A8B79285-8940-4AC5-9084-8303AD40BFE1}.Release|Any CPU.ActiveCfg = Release|Any CPU
		{A8B79285-8940-4AC5-9084-8303AD40BFE1}.Release|Any CPU.Build.0 = Release|Any CPU
		{A8B79285-8940-4AC5-9084-8303AD40BFE1}.Release|Mixed Platforms.ActiveCfg = Release|Any CPU
		{A8B79285-8940-4AC5-9084-8303AD40BFE1}.Release|Mixed Platforms.Build.0 = Release|Any CPU
		{A8B79285-8940-4AC5-9084-8303AD40BFE1}.Release|Win32.ActiveCfg = Release|Any CPU
		{A8B79285-8940-4AC5-9084-8303AD40BFE1}.Release|x64.ActiveCfg = Release|Any CPU
		{A8B79285-8940-4AC5-9084-8303AD40BFE1}.Release|x64.Build.0 = Release|Any CPU
		{A8B79285-8940-4AC5-9084-8303AD40BFE1}.Release|x86.ActiveCfg = Release|Any CPU
		{A8B79285-8940-4AC5-9084-8303AD40BFE1}.Release|x86.Build.0 = Release|Any CPU
		{3CB545B7-66EC-45E0-92C3-52C329E7E57B}.Debug|Any CPU.ActiveCfg = Debug|Any CPU
		{3CB545B7-66EC-45E0-92C3-52C329E7E57B}.Debug|Any CPU.Build.0 = Debug|Any CPU
		{3CB545B7-66EC-45E0-92C3-52C329E7E57B}.Debug|Mixed Platforms.ActiveCfg = Debug|Any CPU
		{3CB545B7-66EC-45E0-92C3-52C329E7E57B}.Debug|Mixed Platforms.Build.0 = Debug|Any CPU
		{3CB545B7-66EC-45E0-92C3-52C329E7E57B}.Debug|Win32.ActiveCfg = Debug|Any CPU
		{3CB545B7-66EC-45E0-92C3-52C329E7E57B}.Debug|x64.ActiveCfg = Debug|Any CPU
		{3CB545B7-66EC-45E0-92C3-52C329E7E57B}.Debug|x64.Build.0 = Debug|Any CPU
		{3CB545B7-66EC-45E0-92C3-52C329E7E57B}.Debug|x86.ActiveCfg = Debug|Any CPU
		{3CB545B7-66EC-45E0-92C3-52C329E7E57B}.Debug|x86.Build.0 = Debug|Any CPU
		{3CB545B7-66EC-45E0-92C3-52C329E7E57B}.Release|Any CPU.ActiveCfg = Release|Any CPU
		{3CB545B7-66EC-45E0-92C3-52C329E7E57B}.Release|Any CPU.Build.0 = Release|Any CPU
		{3CB545B7-66EC-45E0-92C3-52C329E7E57B}.Release|Mixed Platforms.ActiveCfg = Release|Any CPU
		{3CB545B7-66EC-45E0-92C3-52C329E7E57B}.Release|Mixed Platforms.Build.0 = Release|Any CPU
		{3CB545B7-66EC-45E0-92C3-52C329E7E57B}.Release|Win32.ActiveCfg = Release|Any CPU
		{3CB545B7-66EC-45E0-92C3-52C329E7E57B}.Release|x64.ActiveCfg = Release|Any CPU
		{3CB545B7-66EC-45E0-92C3-52C329E7E57B}.Release|x64.Build.0 = Release|Any CPU
		{3CB545B7-66EC-45E0-92C3-52C329E7E57B}.Release|x86.ActiveCfg = Release|Any CPU
		{3CB545B7-66EC-45E0-92C3-52C329E7E57B}.Release|x86.Build.0 = Release|Any CPU
		{EBF8BA1B-F2FF-4A8B-ABDE-C7D2D117284B}.Debug|Any CPU.ActiveCfg = Debug|x86
		{EBF8BA1B-F2FF-4A8B-ABDE-C7D2D117284B}.Debug|Mixed Platforms.ActiveCfg = Debug|x86
		{EBF8BA1B-F2FF-4A8B-ABDE-C7D2D117284B}.Debug|Mixed Platforms.Build.0 = Debug|x86
		{EBF8BA1B-F2FF-4A8B-ABDE-C7D2D117284B}.Debug|Win32.ActiveCfg = Debug|x86
		{EBF8BA1B-F2FF-4A8B-ABDE-C7D2D117284B}.Debug|Win32.Build.0 = Debug|x86
		{EBF8BA1B-F2FF-4A8B-ABDE-C7D2D117284B}.Debug|x64.ActiveCfg = Debug|x64
		{EBF8BA1B-F2FF-4A8B-ABDE-C7D2D117284B}.Debug|x86.ActiveCfg = Debug|x86
		{EBF8BA1B-F2FF-4A8B-ABDE-C7D2D117284B}.Release|Any CPU.ActiveCfg = Release|x86
		{EBF8BA1B-F2FF-4A8B-ABDE-C7D2D117284B}.Release|Mixed Platforms.ActiveCfg = Release|x86
		{EBF8BA1B-F2FF-4A8B-ABDE-C7D2D117284B}.Release|Mixed Platforms.Build.0 = Release|x86
		{EBF8BA1B-F2FF-4A8B-ABDE-C7D2D117284B}.Release|Win32.ActiveCfg = Release|x86
		{EBF8BA1B-F2FF-4A8B-ABDE-C7D2D117284B}.Release|Win32.Build.0 = Release|x86
		{EBF8BA1B-F2FF-4A8B-ABDE-C7D2D117284B}.Release|x64.ActiveCfg = Release|x64
		{EBF8BA1B-F2FF-4A8B-ABDE-C7D2D117284B}.Release|x86.ActiveCfg = Release|x86
		{8C5D7FC7-C753-4329-BD8C-5F37281A0948}.Debug|Any CPU.ActiveCfg = Debug|Any CPU
		{8C5D7FC7-C753-4329-BD8C-5F37281A0948}.Debug|Any CPU.Build.0 = Debug|Any CPU
		{8C5D7FC7-C753-4329-BD8C-5F37281A0948}.Debug|Mixed Platforms.ActiveCfg = Debug|Any CPU
		{8C5D7FC7-C753-4329-BD8C-5F37281A0948}.Debug|Mixed Platforms.Build.0 = Debug|Any CPU
		{8C5D7FC7-C753-4329-BD8C-5F37281A0948}.Debug|Win32.ActiveCfg = Debug|Any CPU
		{8C5D7FC7-C753-4329-BD8C-5F37281A0948}.Debug|x64.ActiveCfg = Debug|Any CPU
		{8C5D7FC7-C753-4329-BD8C-5F37281A0948}.Debug|x64.Build.0 = Debug|Any CPU
		{8C5D7FC7-C753-4329-BD8C-5F37281A0948}.Debug|x86.ActiveCfg = Debug|Any CPU
		{8C5D7FC7-C753-4329-BD8C-5F37281A0948}.Debug|x86.Build.0 = Debug|Any CPU
		{8C5D7FC7-C753-4329-BD8C-5F37281A0948}.Release|Any CPU.ActiveCfg = Release|Any CPU
		{8C5D7FC7-C753-4329-BD8C-5F37281A0948}.Release|Any CPU.Build.0 = Release|Any CPU
		{8C5D7FC7-C753-4329-BD8C-5F37281A0948}.Release|Mixed Platforms.ActiveCfg = Release|Any CPU
		{8C5D7FC7-C753-4329-BD8C-5F37281A0948}.Release|Mixed Platforms.Build.0 = Release|Any CPU
		{8C5D7FC7-C753-4329-BD8C-5F37281A0948}.Release|Win32.ActiveCfg = Release|Any CPU
		{8C5D7FC7-C753-4329-BD8C-5F37281A0948}.Release|x64.ActiveCfg = Release|Any CPU
		{8C5D7FC7-C753-4329-BD8C-5F37281A0948}.Release|x64.Build.0 = Release|Any CPU
		{8C5D7FC7-C753-4329-BD8C-5F37281A0948}.Release|x86.ActiveCfg = Release|Any CPU
		{8C5D7FC7-C753-4329-BD8C-5F37281A0948}.Release|x86.Build.0 = Release|Any CPU
		{BAE81AA8-B2C2-4FA6-B37C-77448FF07E6A}.Debug|Any CPU.ActiveCfg = Debug|Any CPU
		{BAE81AA8-B2C2-4FA6-B37C-77448FF07E6A}.Debug|Any CPU.Build.0 = Debug|Any CPU
		{BAE81AA8-B2C2-4FA6-B37C-77448FF07E6A}.Debug|Mixed Platforms.ActiveCfg = Debug|Any CPU
		{BAE81AA8-B2C2-4FA6-B37C-77448FF07E6A}.Debug|Mixed Platforms.Build.0 = Debug|Any CPU
		{BAE81AA8-B2C2-4FA6-B37C-77448FF07E6A}.Debug|Win32.ActiveCfg = Debug|Any CPU
		{BAE81AA8-B2C2-4FA6-B37C-77448FF07E6A}.Debug|x64.ActiveCfg = Debug|Any CPU
		{BAE81AA8-B2C2-4FA6-B37C-77448FF07E6A}.Debug|x64.Build.0 = Debug|Any CPU
		{BAE81AA8-B2C2-4FA6-B37C-77448FF07E6A}.Debug|x86.ActiveCfg = Debug|Any CPU
		{BAE81AA8-B2C2-4FA6-B37C-77448FF07E6A}.Debug|x86.Build.0 = Debug|Any CPU
		{BAE81AA8-B2C2-4FA6-B37C-77448FF07E6A}.Release|Any CPU.ActiveCfg = Release|Any CPU
		{BAE81AA8-B2C2-4FA6-B37C-77448FF07E6A}.Release|Any CPU.Build.0 = Release|Any CPU
		{BAE81AA8-B2C2-4FA6-B37C-77448FF07E6A}.Release|Mixed Platforms.ActiveCfg = Release|Any CPU
		{BAE81AA8-B2C2-4FA6-B37C-77448FF07E6A}.Release|Mixed Platforms.Build.0 = Release|Any CPU
		{BAE81AA8-B2C2-4FA6-B37C-77448FF07E6A}.Release|Win32.ActiveCfg = Release|Any CPU
		{BAE81AA8-B2C2-4FA6-B37C-77448FF07E6A}.Release|x64.ActiveCfg = Release|Any CPU
		{BAE81AA8-B2C2-4FA6-B37C-77448FF07E6A}.Release|x64.Build.0 = Release|Any CPU
		{BAE81AA8-B2C2-4FA6-B37C-77448FF07E6A}.Release|x86.ActiveCfg = Release|Any CPU
		{BAE81AA8-B2C2-4FA6-B37C-77448FF07E6A}.Release|x86.Build.0 = Release|Any CPU
		{0BE8155A-2927-4CD0-960A-3EA92EE42E9B}.Debug|Any CPU.ActiveCfg = Debug|Any CPU
		{0BE8155A-2927-4CD0-960A-3EA92EE42E9B}.Debug|Any CPU.Build.0 = Debug|Any CPU
		{0BE8155A-2927-4CD0-960A-3EA92EE42E9B}.Debug|Mixed Platforms.ActiveCfg = Debug|Any CPU
		{0BE8155A-2927-4CD0-960A-3EA92EE42E9B}.Debug|Mixed Platforms.Build.0 = Debug|Any CPU
		{0BE8155A-2927-4CD0-960A-3EA92EE42E9B}.Debug|Win32.ActiveCfg = Debug|Any CPU
		{0BE8155A-2927-4CD0-960A-3EA92EE42E9B}.Debug|x64.ActiveCfg = Debug|Any CPU
		{0BE8155A-2927-4CD0-960A-3EA92EE42E9B}.Debug|x64.Build.0 = Debug|Any CPU
		{0BE8155A-2927-4CD0-960A-3EA92EE42E9B}.Debug|x86.ActiveCfg = Debug|Any CPU
		{0BE8155A-2927-4CD0-960A-3EA92EE42E9B}.Debug|x86.Build.0 = Debug|Any CPU
		{0BE8155A-2927-4CD0-960A-3EA92EE42E9B}.Release|Any CPU.ActiveCfg = Release|Any CPU
		{0BE8155A-2927-4CD0-960A-3EA92EE42E9B}.Release|Any CPU.Build.0 = Release|Any CPU
		{0BE8155A-2927-4CD0-960A-3EA92EE42E9B}.Release|Mixed Platforms.ActiveCfg = Release|Any CPU
		{0BE8155A-2927-4CD0-960A-3EA92EE42E9B}.Release|Mixed Platforms.Build.0 = Release|Any CPU
		{0BE8155A-2927-4CD0-960A-3EA92EE42E9B}.Release|Win32.ActiveCfg = Release|Any CPU
		{0BE8155A-2927-4CD0-960A-3EA92EE42E9B}.Release|x64.ActiveCfg = Release|Any CPU
		{0BE8155A-2927-4CD0-960A-3EA92EE42E9B}.Release|x64.Build.0 = Release|Any CPU
		{0BE8155A-2927-4CD0-960A-3EA92EE42E9B}.Release|x86.ActiveCfg = Release|Any CPU
		{0BE8155A-2927-4CD0-960A-3EA92EE42E9B}.Release|x86.Build.0 = Release|Any CPU
	EndGlobalSection
	GlobalSection(SolutionProperties) = preSolution
		HideSolutionNode = FALSE
	EndGlobalSection
EndGlobal
