
Microsoft Visual Studio Solution File, Format Version 12.00
# Visual Studio 2012
Project("{FAE04EC0-301F-11D3-BF4B-00C04F79EFBC}") = "SyncToyAid", "SyncToyAid\SyncToyAid.csproj", "{C525E1AA-BFBD-45BB-9EB1-263E42BA4726}"
EndProject
Project("{2150E333-8FDC-42A3-9474-1A3956D46DE8}") = "Solution Items", "Solution Items", "{526B1AA4-F631-4105-9291-F309A93AC15D}"
	ProjectSection(SolutionItems) = preProject
		Resources\Documents\To-Do.txt = Resources\Documents\To-Do.txt
	EndProjectSection
EndProject
Global
	GlobalSection(SolutionConfigurationPlatforms) = preSolution
		Debug|Any CPU = Debug|Any CPU
		Release|Any CPU = Release|Any CPU
	EndGlobalSection
	GlobalSection(ProjectConfigurationPlatforms) = postSolution
		{C525E1AA-BFBD-45BB-9EB1-263E42BA4726}.Debug|Any CPU.ActiveCfg = Debug|x86
		{C525E1AA-BFBD-45BB-9EB1-263E42BA4726}.Debug|Any CPU.Build.0 = Debug|x86
		{C525E1AA-BFBD-45BB-9EB1-263E42BA4726}.Release|Any CPU.ActiveCfg = Release|x86
		{C525E1AA-BFBD-45BB-9EB1-263E42BA4726}.Release|Any CPU.Build.0 = Release|x86
	EndGlobalSection
	GlobalSection(SolutionProperties) = preSolution
		HideSolutionNode = FALSE
	EndGlobalSection
EndGlobal
